// !$*UTF8*$!
{
	archiveVersion = 1;
	classes = {
	};
	objectVersion = 46;
	objects = {

/* Begin PBXBuildFile section */
		4A77B2CE1BEADE7C00C51A0A /* main.m in Sources */ = {isa = PBXBuildFile; fileRef = 4A77B2CD1BEADE7C00C51A0A /* main.m */; };
		4A77B2D11BEADE7C00C51A0A /* AppDelegate.m in Sources */ = {isa = PBXBuildFile; fileRef = 4A77B2D01BEADE7C00C51A0A /* AppDelegate.m */; };
		4A77B2D41BEADE7C00C51A0A /* ViewController.m in Sources */ = {isa = PBXBuildFile; fileRef = 4A77B2D31BEADE7C00C51A0A /* ViewController.m */; };
		4A77B2D71BEADE7C00C51A0A /* Main.storyboard in Resources */ = {isa = PBXBuildFile; fileRef = 4A77B2D51BEADE7C00C51A0A /* Main.storyboard */; };
		4A77B2D91BEADE7D00C51A0A /* Assets.xcassets in Resources */ = {isa = PBXBuildFile; fileRef = 4A77B2D81BEADE7D00C51A0A /* Assets.xcassets */; };
		4A77B2DC1BEADE7D00C51A0A /* LaunchScreen.storyboard in Resources */ = {isa = PBXBuildFile; fileRef = 4A77B2DA1BEADE7D00C51A0A /* LaunchScreen.storyboard */; };
		4A77B2EB1BEAE20700C51A0A /* CollectionViewController.m in Sources */ = {isa = PBXBuildFile; fileRef = 4A77B2EA1BEAE20700C51A0A /* CollectionViewController.m */; };
		4A77B2EE1BEAE27B00C51A0A /* TableView.m in Sources */ = {isa = PBXBuildFile; fileRef = 4A77B2ED1BEAE27B00C51A0A /* TableView.m */; };
		4A77B2F11BEAEF4900C51A0A /* Flowlayout.m in Sources */ = {isa = PBXBuildFile; fileRef = 4A77B2F01BEAEF4900C51A0A /* Flowlayout.m */; };
		4A77B2F41BEAF98100C51A0A /* TableViewController.m in Sources */ = {isa = PBXBuildFile; fileRef = 4A77B2F31BEAF98100C51A0A /* TableViewController.m */; };
/* End PBXBuildFile section */

/* Begin PBXFileReference section */
		4A77B2C91BEADE7C00C51A0A /* SuperSlide.app */ = {isa = PBXFileReference; explicitFileType = wrapper.application; includeInIndex = 0; path = SuperSlide.app; sourceTree = BUILT_PRODUCTS_DIR; };
		4A77B2CD1BEADE7C00C51A0A /* main.m */ = {isa = PBXFileReference; lastKnownFileType = sourcecode.c.objc; path = main.m; sourceTree = "<group>"; };
		4A77B2CF1BEADE7C00C51A0A /* AppDelegate.h */ = {isa = PBXFileReference; lastKnownFileType = sourcecode.c.h; path = AppDelegate.h; sourceTree = "<group>"; };
		4A77B2D01BEADE7C00C51A0A /* AppDelegate.m */ = {isa = PBXFileReference; lastKnownFileType = sourcecode.c.objc; path = AppDelegate.m; sourceTree = "<group>"; };
		4A77B2D21BEADE7C00C51A0A /* ViewController.h */ = {isa = PBXFileReference; lastKnownFileType = sourcecode.c.h; path = ViewController.h; sourceTree = "<group>"; };
		4A77B2D31BEADE7C00C51A0A /* ViewController.m */ = {isa = PBXFileReference; lastKnownFileType = sourcecode.c.objc; path = ViewController.m; sourceTree = "<group>"; };
		4A77B2D61BEADE7C00C51A0A /* Base */ = {isa = PBXFileReference; lastKnownFileType = file.storyboard; name = Base; path = Base.lproj/Main.storyboard; sourceTree = "<group>"; };
		4A77B2D81BEADE7D00C51A0A /* Assets.xcassets */ = {isa = PBXFileReference; lastKnownFileType = folder.assetcatalog; path = Assets.xcassets; sourceTree = "<group>"; };
		4A77B2DB1BEADE7D00C51A0A /* Base */ = {isa = PBXFileReference; lastKnownFileType = file.storyboard; name = Base; path = Base.lproj/LaunchScreen.storyboard; sourceTree = "<group>"; };
		4A77B2DD1BEADE7D00C51A0A /* Info.plist */ = {isa = PBXFileReference; lastKnownFileType = text.plist.xml; path = Info.plist; sourceTree = "<group>"; };
		4A77B2E91BEAE20700C51A0A /* CollectionViewController.h */ = {isa = PBXFileReference; fileEncoding = 4; lastKnownFileType = sourcecode.c.h; path = CollectionViewController.h; sourceTree = "<group>"; };
		4A77B2EA1BEAE20700C51A0A /* CollectionViewController.m */ = {isa = PBXFileReference; fileEncoding = 4; lastKnownFileType = sourcecode.c.objc; path = CollectionViewController.m; sourceTree = "<group>"; };
		4A77B2EC1BEAE27B00C51A0A /* TableView.h */ = {isa = PBXFileReference; fileEncoding = 4; lastKnownFileType = sourcecode.c.h; path = TableView.h; sourceTree = "<group>"; };
		4A77B2ED1BEAE27B00C51A0A /* TableView.m */ = {isa = PBXFileReference; fileEncoding = 4; lastKnownFileType = sourcecode.c.objc; path = TableView.m; sourceTree = "<group>"; };
		4A77B2EF1BEAEF4900C51A0A /* Flowlayout.h */ = {isa = PBXFileReference; fileEncoding = 4; lastKnownFileType = sourcecode.c.h; path = Flowlayout.h; sourceTree = "<group>"; };
		4A77B2F01BEAEF4900C51A0A /* Flowlayout.m */ = {isa = PBXFileReference; fileEncoding = 4; lastKnownFileType = sourcecode.c.objc; path = Flowlayout.m; sourceTree = "<group>"; };
		4A77B2F21BEAF98100C51A0A /* TableViewController.h */ = {isa = PBXFileReference; fileEncoding = 4; lastKnownFileType = sourcecode.c.h; path = TableViewController.h; sourceTree = "<group>"; };
		4A77B2F31BEAF98100C51A0A /* TableViewController.m */ = {isa = PBXFileReference; fileEncoding = 4; lastKnownFileType = sourcecode.c.objc; path = TableViewController.m; sourceTree = "<group>"; };
/* End PBXFileReference section */

/* Begin PBXFrameworksBuildPhase section */
		4A77B2C61BEADE7C00C51A0A /* Frameworks */ = {
			isa = PBXFrameworksBuildPhase;
			buildActionMask = 2147483647;
			files = (
			);
			runOnlyForDeploymentPostprocessing = 0;
		};
/* End PBXFrameworksBuildPhase section */

/* Begin PBXGroup section */
		4A77B2C01BEADE7C00C51A0A = {
			isa = PBXGroup;
			children = (
				4A77B2CB1BEADE7C00C51A0A /* SuperSlide */,
				4A77B2CA1BEADE7C00C51A0A /* Products */,
			);
			sourceTree = "<group>";
		};
		4A77B2CA1BEADE7C00C51A0A /* Products */ = {
			isa = PBXGroup;
			children = (
				4A77B2C91BEADE7C00C51A0A /* SuperSlide.app */,
			);
			name = Products;
			sourceTree = "<group>";
		};
		4A77B2CB1BEADE7C00C51A0A /* SuperSlide */ = {
			isa = PBXGroup;
			children = (
				4A77B2CF1BEADE7C00C51A0A /* AppDelegate.h */,
				4A77B2D01BEADE7C00C51A0A /* AppDelegate.m */,
				4A77B2D21BEADE7C00C51A0A /* ViewController.h */,
				4A77B2D31BEADE7C00C51A0A /* ViewController.m */,
				4A77B2E91BEAE20700C51A0A /* CollectionViewController.h */,
				4A77B2EA1BEAE20700C51A0A /* CollectionViewController.m */,
				4A77B2EC1BEAE27B00C51A0A /* TableView.h */,
				4A77B2ED1BEAE27B00C51A0A /* TableView.m */,
				4A77B2F21BEAF98100C51A0A /* TableViewController.h */,
				4A77B2F31BEAF98100C51A0A /* TableViewController.m */,
				4A77B2EF1BEAEF4900C51A0A /* Flowlayout.h */,
				4A77B2F01BEAEF4900C51A0A /* Flowlayout.m */,
				4A77B2D51BEADE7C00C51A0A /* Main.storyboard */,
				4A77B2D81BEADE7D00C51A0A /* Assets.xcassets */,
				4A77B2DA1BEADE7D00C51A0A /* LaunchScreen.storyboard */,
				4A77B2DD1BEADE7D00C51A0A /* Info.plist */,
				4A77B2CC1BEADE7C00C51A0A /* Supporting Files */,
			);
			path = SuperSlide;
			sourceTree = "<group>";
		};
		4A77B2CC1BEADE7C00C51A0A /* Supporting Files */ = {
			isa = PBXGroup;
			children = (
				4A77B2CD1BEADE7C00C51A0A /* main.m */,
			);
			name = "Supporting Files";
			sourceTree = "<group>";
		};
/* End PBXGroup section */

/* Begin PBXNativeTarget section */
		4A77B2C81BEADE7C00C51A0A /* SuperSlide */ = {
			isa = PBXNativeTarget;
			buildConfigurationList = 4A77B2E01BEADE7D00C51A0A /* Build configuration list for PBXNativeTarget "SuperSlide" */;
			buildPhases = (
				4A77B2C51BEADE7C00C51A0A /* Sources */,
				4A77B2C61BEADE7C00C51A0A /* Frameworks */,
				4A77B2C71BEADE7C00C51A0A /* Resources */,
			);
			buildRules = (
			);
			dependencies = (
			);
			name = SuperSlide;
			productName = SuperSlide;
			productReference = 4A77B2C91BEADE7C00C51A0A /* SuperSlide.app */;
			productType = "com.apple.product-type.application";
		};
/* End PBXNativeTarget section */

/* Begin PBXProject section */
		4A77B2C11BEADE7C00C51A0A /* Project object */ = {
			isa = PBXProject;
			attributes = {
				LastUpgradeCheck = 0710;
				ORGANIZATIONNAME = "杨晓晨";
				TargetAttributes = {
					4A77B2C81BEADE7C00C51A0A = {
						CreatedOnToolsVersion = 7.1;
						DevelopmentTeam = 898WYQ9K4N;
					};
				};
			};
			buildConfigurationList = 4A77B2C41BEADE7C00C51A0A /* Build configuration list for PBXProject "SuperSlide" */;
			compatibilityVersion = "Xcode 3.2";
			developmentRegion = English;
			hasScannedForEncodings = 0;
			knownRegions = (
				en,
				Base,
			);
			mainGroup = 4A77B2C01BEADE7C00C51A0A;
			productRefGroup = 4A77B2CA1BEADE7C00C51A0A /* Products */;
			projectDirPath = "";
			projectRoot = "";
			targets = (
				4A77B2C81BEADE7C00C51A0A /* SuperSlide */,
			);
		};
/* End PBXProject section */

/* Begin PBXResourcesBuildPhase section */
		4A77B2C71BEADE7C00C51A0A /* Resources */ = {
			isa = PBXResourcesBuildPhase;
			buildActionMask = 2147483647;
			files = (
				4A77B2DC1BEADE7D00C51A0A /* LaunchScreen.storyboard in Resources */,
				4A77B2D91BEADE7D00C51A0A /* Assets.xcassets in Resources */,
				4A77B2D71BEADE7C00C51A0A /* Main.storyboard in Resources */,
			);
			runOnlyForDeploymentPostprocessing = 0;
		};
/* End PBXResourcesBuildPhase section */

/* Begin PBXSourcesBuildPhase section */
		4A77B2C51BEADE7C00C51A0A /* Sources */ = {
			isa = PBXSourcesBuildPhase;
			buildActionMask = 2147483647;
			files = (
				4A77B2EB1BEAE20700C51A0A /* CollectionViewController.m in Sources */,
				4A77B2D41BEADE7C00C51A0A /* ViewController.m in Sources */,
				4A77B2D11BEADE7C00C51A0A /* AppDelegate.m in Sources */,
				4A77B2EE1BEAE27B00C51A0A /* TableView.m in Sources */,
				4A77B2CE1BEADE7C00C51A0A /* main.m in Sources */,
				4A77B2F41BEAF98100C51A0A /* TableViewController.m in Sources */,
				4A77B2F11BEAEF4900C51A0A /* Flowlayout.m in Sources */,
			);
			runOnlyForDeploymentPostprocessing = 0;
		};
/* End PBXSourcesBuildPhase section */

/* Begin PBXVariantGroup section */
		4A77B2D51BEADE7C00C51A0A /* Main.storyboard */ = {
			isa = PBXVariantGroup;
			children = (
				4A77B2D61BEADE7C00C51A0A /* Base */,
			);
			name = Main.storyboard;
			sourceTree = "<group>";
		};
		4A77B2DA1BEADE7D00C51A0A /* LaunchScreen.storyboard */ = {
			isa = PBXVariantGroup;
			children = (
				4A77B2DB1BEADE7D00C51A0A /* Base */,
			);
			name = LaunchScreen.storyboard;
			sourceTree = "<group>";
		};
/* End PBXVariantGroup section */

/* Begin XCBuildConfiguration section */
		4A77B2DE1BEADE7D00C51A0A /* Debug */ = {
			isa = XCBuildConfiguration;
			buildSettings = {
				ALWAYS_SEARCH_USER_PATHS = NO;
				CLANG_CXX_LANGUAGE_STANDARD = "gnu++0x";
				CLANG_CXX_LIBRARY = "libc++";
				CLANG_ENABLE_MODULES = YES;
				CLANG_ENABLE_OBJC_ARC = YES;
				CLANG_WARN_BOOL_CONVERSION = YES;
				CLANG_WARN_CONSTANT_CONVERSION = YES;
				CLANG_WARN_DIRECT_OBJC_ISA_USAGE = YES_ERROR;
				CLANG_WARN_EMPTY_BODY = YES;
				CLANG_WARN_ENUM_CONVERSION = YES;
				CLANG_WARN_INT_CONVERSION = YES;
				CLANG_WARN_OBJC_ROOT_CLASS = YES_ERROR;
				CLANG_WARN_UNREACHABLE_CODE = YES;
				CLANG_WARN__DUPLICATE_METHOD_MATCH = YES;
				"CODE_SIGN_IDENTITY[sdk=iphoneos*]" = "iPhone Developer";
				COPY_PHASE_STRIP = NO;
				DEBUG_INFORMATION_FORMAT = dwarf;
				ENABLE_STRICT_OBJC_MSGSEND = YES;
				ENABLE_TESTABILITY = YES;
				GCC_C_LANGUAGE_STANDARD = gnu99;
				GCC_DYNAMIC_NO_PIC = NO;
				GCC_NO_COMMON_BLOCKS = YES;
				GCC_OPTIMIZATION_LEVEL = 0;
				GCC_PREPROCESSOR_DEFINITIONS = (
					"DEBUG=1",
					"$(inherited)",
				);
				GCC_WARN_64_TO_32_BIT_CONVERSION = YES;
				GCC_WARN_ABOUT_RETURN_TYPE = YES_ERROR;
				GCC_WARN_UNDECLARED_SELECTOR = YES;
				GCC_WARN_UNINITIALIZED_AUTOS = YES_AGGRESSIVE;
				GCC_WARN_UNUSED_FUNCTION = YES;
				GCC_WARN_UNUSED_VARIABLE = YES;
				IPHONEOS_DEPLOYMENT_TARGET = 9.1;
				MTL_ENABLE_DEBUG_INFO = YES;
				ONLY_ACTIVE_ARCH = YES;
				SDKROOT = iphoneos;
			};
			name = Debug;
		};
		4A77B2DF1BEADE7D00C51A0A /* Release */ = {
			isa = XCBuildConfiguration;
			buildSettings = {
				ALWAYS_SEARCH_USER_PATHS = NO;
				CLANG_CXX_LANGUAGE_STANDARD = "gnu++0x";
				CLANG_CXX_LIBRARY = "libc++";
				CLANG_ENABLE_MODULES = YES;
				CLANG_ENABLE_OBJC_ARC = YES;
				CLANG_WARN_BOOL_CONVERSION = YES;
				CLANG_WARN_CONSTANT_CONVERSION = YES;
				CLANG_WARN_DIRECT_OBJC_ISA_USAGE = YES_ERROR;
				CLANG_WARN_EMPTY_BODY = YES;
				CLANG_WARN_ENUM_CONVERSION = YES;
				CLANG_WARN_INT_CONVERSION = YES;
				CLANG_WARN_OBJC_ROOT_CLASS = YES_ERROR;
				CLANG_WARN_UNREACHABLE_CODE = YES;
				CLANG_WARN__DUPLICATE_METHOD_MATCH = YES;
				"CODE_SIGN_IDENTITY[sdk=iphoneos*]" = "iPhone Developer";
				COPY_PHASE_STRIP = NO;
				DEBUG_INFORMATION_FORMAT = "dwarf-with-dsym";
				ENABLE_NS_ASSERTIONS = NO;
				ENABLE_STRICT_OBJC_MSGSEND = YES;
				GCC_C_LANGUAGE_STANDARD = gnu99;
				GCC_NO_COMMON_BLOCKS = YES;
				GCC_WARN_64_TO_32_BIT_CONVERSION = YES;
				GCC_WARN_ABOUT_RETURN_TYPE = YES_ERROR;
				GCC_WARN_UNDECLARED_SELECTOR = YES;
				GCC_WARN_UNINITIALIZED_AUTOS = YES_AGGRESSIVE;
				GCC_WARN_UNUSED_FUNCTION = YES;
				GCC_WARN_UNUSED_VARIABLE = YES;
				IPHONEOS_DEPLOYMENT_TARGET = 9.1;
				MTL_ENABLE_DEBUG_INFO = NO;
				SDKROOT = iphoneos;
				VALIDATE_PRODUCT = YES;
			};
			name = Release;
		};
		4A77B2E11BEADE7D00C51A0A /* Debug */ = {
			isa = XCBuildConfiguration;
			buildSettings = {
				ASSETCATALOG_COMPILER_APPICON_NAME = AppIcon;
				INFOPLIST_FILE = SuperSlide/Info.plist;
				LD_RUNPATH_SEARCH_PATHS = "$(inherited) @executable_path/Frameworks";
				PRODUCT_BUNDLE_IDENTIFIER = cn.yangxiaochen.SuperSlide;
				PRODUCT_NAME = "$(TARGET_NAME)";
			};
			name = Debug;
		};
		4A77B2E21BEADE7D00C51A0A /* Release */ = {
			isa = XCBuildConfiguration;
			buildSettings = {
				ASSETCATALOG_COMPILER_APPICON_NAME = AppIcon;
				INFOPLIST_FILE = SuperSlide/Info.plist;
				LD_RUNPATH_SEARCH_PATHS = "$(inherited) @executable_path/Frameworks";
				PRODUCT_BUNDLE_IDENTIFIER = cn.yangxiaochen.SuperSlide;
				PRODUCT_NAME = "$(TARGET_NAME)";
			};
			name = Release;
		};
/* End XCBuildConfiguration section */

/* Begin XCConfigurationList section */
		4A77B2C41BEADE7C00C51A0A /* Build configuration list for PBXProject "SuperSlide" */ = {
			isa = XCConfigurationList;
			buildConfigurations = (
				4A77B2DE1BEADE7D00C51A0A /* Debug */,
				4A77B2DF1BEADE7D00C51A0A /* Release */,
			);
			defaultConfigurationIsVisible = 0;
			defaultConfigurationName = Release;
		};
		4A77B2E01BEADE7D00C51A0A /* Build configuration list for PBXNativeTarget "SuperSlide" */ = {
			isa = XCConfigurationList;
			buildConfigurations = (
				4A77B2E11BEADE7D00C51A0A /* Debug */,
				4A77B2E21BEADE7D00C51A0A /* Release */,
			);
			defaultConfigurationIsVisible = 0;
		};
/* End XCConfigurationList section */
	};
	rootObject = 4A77B2C11BEADE7C00C51A0A /* Project object */;
}
